{
    "_readme": [
        "This file locks the dependencies of your project to a known state",
        "Read more about it at https://getcomposer.org/doc/01-basic-usage.md#installing-dependencies",
        "This file is @generated automatically"
    ],
    "content-hash": "867ad165b2b7ddd84e9574c2ea3325f0",
    "packages": [
        {
            "name": "chillerlan/php-qrcode",
            "version": "v2.0.x-dev",
            "source": {
                "type": "git",
                "url": "https://github.com/chillerlan/php-qrcode.git",
                "reference": "45577426ab8e2199aa60e00f9bd7c242c1484c97"
            },
            "dist": {
                "type": "zip",
                "url": "https://api.github.com/repos/chillerlan/php-qrcode/zipball/45577426ab8e2199aa60e00f9bd7c242c1484c97",
                "reference": "45577426ab8e2199aa60e00f9bd7c242c1484c97",
                "shasum": ""
            },
            "require": {
                "chillerlan/php-traits": "^1.1",
                "php": ">=7.0.3"
            },
            "require-dev": {
                "chillerlan/php-authenticator": "^2.0",
                "phpunit/phpunit": "^6.5"
            },
            "type": "library",
            "extra": {
                "branch-alias": {
                    "dev-v2.0.x-php5": "1.0.8-dev"
                }
            },
            "autoload": {
                "psr-4": {
                    "chillerlan\\QRCode\\": "src/"
                }
            },
            "notification-url": "https://packagist.org/downloads/",
            "license": [
                "MIT"
            ],
            "authors": [
                {
                    "name": "Kazuhiko Arase",
                    "homepage": "https://github.com/kazuhikoarase"
                },
                {
                    "name": "smiley",
                    "email": "smiley@chillerlan.net",
                    "homepage": "https://github.com/codemasher"
                }
            ],
            "description": "A QR code generator. PHP 7+",
            "homepage": "https://github.com/chillerlan/php-qrcode",
            "keywords": [
                "qr code"
            ],
            "time": "2018-03-28T18:07:10+00:00"
        },
        {
            "name": "chillerlan/php-traits",
            "version": "1.1.13",
            "source": {
                "type": "git",
                "url": "https://github.com/chillerlan/php-traits.git",
                "reference": "264759946b6aaeb427346b749fc9639b790b8e7f"
            },
            "dist": {
                "type": "zip",
                "url": "https://api.github.com/repos/chillerlan/php-traits/zipball/264759946b6aaeb427346b749fc9639b790b8e7f",
                "reference": "264759946b6aaeb427346b749fc9639b790b8e7f",
                "shasum": ""
            },
            "require": {
                "php": ">=7.0.3"
            },
            "require-dev": {
                "phpunit/phpunit": "^6.5"
            },
            "type": "library",
            "autoload": {
                "psr-4": {
                    "chillerlan\\Traits\\": "src/"
                }
            },
            "notification-url": "https://packagist.org/downloads/",
            "license": [
                "MIT"
            ],
            "authors": [
                {
                    "name": "Smiley",
                    "email": "smiley@chillerlan.net",
                    "homepage": "https://github.com/codemasher"
                }
            ],
            "description": "Some useful traits for PHP 7+",
            "homepage": "https://github.com/chillerlan/php-traits",
            "keywords": [
                "PHP7",
                "container",
                "dotenv",
                "helper",
                "trait"
            ],
            "time": "2018-06-22T00:30:47+00:00"
        },
        {
            "name": "ezyang/htmlpurifier",
            "version": "v4.10.0",
            "source": {
                "type": "git",
                "url": "https://github.com/ezyang/htmlpurifier.git",
                "reference": "d85d39da4576a6934b72480be6978fb10c860021"
            },
            "dist": {
                "type": "zip",
                "url": "https://api.github.com/repos/ezyang/htmlpurifier/zipball/d85d39da4576a6934b72480be6978fb10c860021",
                "reference": "d85d39da4576a6934b72480be6978fb10c860021",
                "shasum": ""
            },
            "require": {
                "php": ">=5.2"
            },
            "require-dev": {
                "simpletest/simpletest": "^1.1"
            },
            "type": "library",
            "autoload": {
                "psr-0": {
                    "HTMLPurifier": "library/"
                },
                "files": [
                    "library/HTMLPurifier.composer.php"
                ]
            },
            "notification-url": "https://packagist.org/downloads/",
            "license": [
                "LGPL"
            ],
            "authors": [
                {
                    "name": "Edward Z. Yang",
                    "email": "admin@htmlpurifier.org",
                    "homepage": "http://ezyang.com"
                }
            ],
            "description": "Standards compliant HTML filter written in PHP",
            "homepage": "http://htmlpurifier.org/",
            "keywords": [
                "html"
            ],
            "time": "2018-02-23T01:58:20+00:00"
        },
        {
            "name": "filp/whoops",
            "version": "2.3.1",
            "source": {
                "type": "git",
                "url": "https://github.com/filp/whoops.git",
                "reference": "bc0fd11bc455cc20ee4b5edabc63ebbf859324c7"
            },
            "dist": {
                "type": "zip",
                "url": "https://api.github.com/repos/filp/whoops/zipball/bc0fd11bc455cc20ee4b5edabc63ebbf859324c7",
                "reference": "bc0fd11bc455cc20ee4b5edabc63ebbf859324c7",
                "shasum": ""
            },
            "require": {
                "php": "^5.5.9 || ^7.0",
                "psr/log": "^1.0.1"
            },
            "require-dev": {
                "mockery/mockery": "^0.9 || ^1.0",
                "phpunit/phpunit": "^4.8.35 || ^5.7",
                "symfony/var-dumper": "^2.6 || ^3.0 || ^4.0"
            },
            "suggest": {
                "symfony/var-dumper": "Pretty print complex values better with var-dumper available",
                "whoops/soap": "Formats errors as SOAP responses"
            },
            "type": "library",
            "extra": {
                "branch-alias": {
                    "dev-master": "2.2-dev"
                }
            },
            "autoload": {
                "psr-4": {
                    "Whoops\\": "src/Whoops/"
                }
            },
            "notification-url": "https://packagist.org/downloads/",
            "license": [
                "MIT"
            ],
            "authors": [
                {
                    "name": "Filipe Dobreira",
                    "homepage": "https://github.com/filp",
                    "role": "Developer"
                }
            ],
            "description": "php error handling for cool kids",
            "homepage": "https://filp.github.io/whoops/",
            "keywords": [
                "error",
                "exception",
                "handling",
                "library",
                "throwable",
                "whoops"
            ],
            "time": "2018-10-23T09:00:00+00:00"
        },
        {
            "name": "guzzlehttp/guzzle",
            "version": "dev-master",
            "source": {
                "type": "git",
                "url": "https://github.com/guzzle/guzzle.git",
                "reference": "c5da4c3128db9f892f0911043cfffb6c559bd6da"
            },
            "dist": {
                "type": "zip",
                "url": "https://api.github.com/repos/guzzle/guzzle/zipball/c5da4c3128db9f892f0911043cfffb6c559bd6da",
                "reference": "c5da4c3128db9f892f0911043cfffb6c559bd6da",
                "shasum": ""
            },
            "require": {
                "ext-json": "*",
                "guzzlehttp/promises": "^1.0",
                "guzzlehttp/psr7": "^1.4",
                "php": ">=5.5"
            },
            "require-dev": {
                "ext-curl": "*",
                "phpunit/phpunit": "^4.8.35 || ^5.7 || ^6.4 || ^7.0",
                "psr/log": "^1.1"
            },
            "suggest": {
                "psr/log": "Required for using the Log middleware"
            },
            "type": "library",
            "extra": {
                "branch-alias": {
                    "dev-master": "6.3-dev"
                }
            },
            "autoload": {
                "psr-4": {
                    "GuzzleHttp\\": "src/"
                },
                "files": [
                    "src/functions_include.php"
                ]
            },
            "notification-url": "https://packagist.org/downloads/",
            "license": [
                "MIT"
            ],
            "authors": [
                {
                    "name": "Michael Dowling",
                    "email": "mtdowling@gmail.com",
                    "homepage": "https://github.com/mtdowling"
                }
            ],
            "description": "Guzzle is a PHP HTTP client library",
            "homepage": "http://guzzlephp.org/",
            "keywords": [
                "client",
                "curl",
                "framework",
                "http",
                "http client",
                "rest",
                "web service"
            ],
            "time": "2018-12-21T16:46:01+00:00"
        },
        {
            "name": "guzzlehttp/promises",
            "version": "dev-master",
            "source": {
                "type": "git",
                "url": "https://github.com/guzzle/promises.git",
                "reference": "926eaa3ff73cde2becf652b785831bcb7618568a"
            },
            "dist": {
                "type": "zip",
                "url": "https://api.github.com/repos/guzzle/promises/zipball/926eaa3ff73cde2becf652b785831bcb7618568a",
                "reference": "926eaa3ff73cde2becf652b785831bcb7618568a",
                "shasum": ""
            },
            "require": {
                "php": ">=5.5.0"
            },
            "require-dev": {
                "phpunit/phpunit": "^4.8.36"
            },
            "type": "library",
            "extra": {
                "branch-alias": {
                    "dev-master": "1.4-dev"
                }
            },
            "autoload": {
                "psr-4": {
                    "GuzzleHttp\\Promise\\": "src/"
                },
                "files": [
                    "src/functions_include.php"
                ]
            },
            "notification-url": "https://packagist.org/downloads/",
            "license": [
                "MIT"
            ],
            "authors": [
                {
                    "name": "Michael Dowling",
                    "email": "mtdowling@gmail.com",
                    "homepage": "https://github.com/mtdowling"
                }
            ],
            "description": "Guzzle promises library",
            "keywords": [
                "promise"
            ],
            "time": "2018-10-30T00:20:04+00:00"
        },
        {
            "name": "guzzlehttp/psr7",
            "version": "dev-master",
            "source": {
                "type": "git",
                "url": "https://github.com/guzzle/psr7.git",
                "reference": "ae7949ee7b865f0eb8b191c438cda63cad59d437"
            },
            "dist": {
                "type": "zip",
                "url": "https://api.github.com/repos/guzzle/psr7/zipball/ae7949ee7b865f0eb8b191c438cda63cad59d437",
                "reference": "ae7949ee7b865f0eb8b191c438cda63cad59d437",
                "shasum": ""
            },
            "require": {
                "php": ">=5.4.0",
                "psr/http-message": "~1.0",
                "ralouphie/getallheaders": "^2.0.5 || ^3.0.0"
            },
            "provide": {
                "psr/http-message-implementation": "1.0"
            },
            "require-dev": {
                "phpunit/phpunit": "~4.8.36 || ^5.7.27 || ^6.5.8"
            },
            "suggest": {
                "zendframework/zend-httphandlerrunner": "Emit PSR-7 responses"
            },
            "type": "library",
            "extra": {
                "branch-alias": {
                    "dev-master": "1.5-dev"
                }
            },
            "autoload": {
                "psr-4": {
                    "GuzzleHttp\\Psr7\\": "src/"
                },
                "files": [
                    "src/functions_include.php"
                ]
            },
            "notification-url": "https://packagist.org/downloads/",
            "license": [
                "MIT"
            ],
            "authors": [
                {
                    "name": "Michael Dowling",
                    "email": "mtdowling@gmail.com",
                    "homepage": "https://github.com/mtdowling"
                },
                {
                    "name": "Tobias Schultze",
                    "homepage": "https://github.com/Tobion"
                }
            ],
            "description": "PSR-7 message implementation that also provides common utility methods",
            "keywords": [
                "http",
                "message",
                "psr-7",
                "request",
                "response",
                "stream",
                "uri",
                "url"
            ],
            "time": "2018-12-28T01:59:01+00:00"
        },
        {
            "name": "monolog/monolog",
            "version": "1.x-dev",
            "source": {
                "type": "git",
                "url": "https://github.com/Seldaek/monolog.git",
                "reference": "4d5b7e6ba1127789c7ff59d6f762298eaa29787f"
            },
            "dist": {
                "type": "zip",
                "url": "https://api.github.com/repos/Seldaek/monolog/zipball/4d5b7e6ba1127789c7ff59d6f762298eaa29787f",
                "reference": "4d5b7e6ba1127789c7ff59d6f762298eaa29787f",
                "shasum": ""
            },
            "require": {
                "php": ">=5.3.0",
                "psr/log": "~1.0"
            },
            "provide": {
                "psr/log-implementation": "1.0.0"
            },
            "require-dev": {
                "aws/aws-sdk-php": "^2.4.9 || ^3.0",
                "doctrine/couchdb": "~1.0@dev",
                "graylog2/gelf-php": "~1.0",
                "jakub-onderka/php-parallel-lint": "0.9",
                "php-amqplib/php-amqplib": "~2.4",
                "php-console/php-console": "^3.1.3",
                "phpunit/phpunit": "~4.5",
                "phpunit/phpunit-mock-objects": "2.3.0",
                "ruflin/elastica": ">=0.90 <3.0",
                "sentry/sentry": "^0.13",
                "swiftmailer/swiftmailer": "^5.3|^6.0"
            },
            "suggest": {
                "aws/aws-sdk-php": "Allow sending log messages to AWS services like DynamoDB",
                "doctrine/couchdb": "Allow sending log messages to a CouchDB server",
                "ext-amqp": "Allow sending log messages to an AMQP server (1.0+ required)",
                "ext-mongo": "Allow sending log messages to a MongoDB server",
                "graylog2/gelf-php": "Allow sending log messages to a GrayLog2 server",
                "mongodb/mongodb": "Allow sending log messages to a MongoDB server via PHP Driver",
                "php-amqplib/php-amqplib": "Allow sending log messages to an AMQP server using php-amqplib",
                "php-console/php-console": "Allow sending log messages to Google Chrome",
                "rollbar/rollbar": "Allow sending log messages to Rollbar",
                "ruflin/elastica": "Allow sending log messages to an Elastic Search server",
                "sentry/sentry": "Allow sending log messages to a Sentry server"
            },
            "type": "library",
            "extra": {
                "branch-alias": {
                    "dev-master": "2.0.x-dev"
                }
            },
            "autoload": {
                "psr-4": {
                    "Monolog\\": "src/Monolog"
                }
            },
            "notification-url": "https://packagist.org/downloads/",
            "license": [
                "MIT"
            ],
            "authors": [
                {
                    "name": "Jordi Boggiano",
                    "email": "j.boggiano@seld.be",
                    "homepage": "http://seld.be"
                }
            ],
            "description": "Sends your logs to files, sockets, inboxes, databases and various web services",
            "homepage": "http://github.com/Seldaek/monolog",
            "keywords": [
                "log",
                "logging",
                "psr-3"
            ],
            "time": "2018-12-26T14:24:03+00:00"
        },
        {
            "name": "php-console/php-console",
            "version": "3.1.x-dev",
            "source": {
                "type": "git",
                "url": "https://github.com/barbushin/php-console.git",
                "reference": "22221317ab3b20bead5ab423170c5ecf24f4c8d0"
            },
            "dist": {
                "type": "zip",
                "url": "https://api.github.com/repos/barbushin/php-console/zipball/22221317ab3b20bead5ab423170c5ecf24f4c8d0",
                "reference": "22221317ab3b20bead5ab423170c5ecf24f4c8d0",
                "shasum": ""
            },
            "require": {
                "php": ">=5.3.0"
            },
            "suggest": {
                "php-console/laravel-service-provider": "*"
            },
            "type": "library",
            "extra": {
                "branch-alias": {
                    "dev-master": "3.x-dev"
                }
            },
            "autoload": {
                "psr-0": {
                    "PhpConsole": "src/"
                }
            },
            "notification-url": "https://packagist.org/downloads/",
            "license": [
                "BSD 3-Clause"
            ],
            "authors": [
                {
                    "name": "Sergey Barbushin",
                    "email": "barbushin@gmail.com",
                    "homepage": "http://linkedin.com/in/barbushin"
                }
            ],
            "description": "Server side PHP library for Google Chrome extension \"PHP Console\".",
            "homepage": "https://github.com/barbushin/php-console",
            "keywords": [
                "chrome",
                "debug",
                "error handler",
                "errors",
                "google chrome",
                "php"
            ],
            "time": "2014-01-28T14:39:34+00:00"
        },
        {
            "name": "psr/http-message",
            "version": "dev-master",
            "source": {
                "type": "git",
                "url": "https://github.com/php-fig/http-message.git",
                "reference": "f6561bf28d520154e4b0ec72be95418abe6d9363"
            },
            "dist": {
                "type": "zip",
                "url": "https://api.github.com/repos/php-fig/http-message/zipball/f6561bf28d520154e4b0ec72be95418abe6d9363",
                "reference": "f6561bf28d520154e4b0ec72be95418abe6d9363",
                "shasum": ""
            },
            "require": {
                "php": ">=5.3.0"
            },
            "type": "library",
            "extra": {
                "branch-alias": {
                    "dev-master": "1.0.x-dev"
                }
            },
            "autoload": {
                "psr-4": {
                    "Psr\\Http\\Message\\": "src/"
                }
            },
            "notification-url": "https://packagist.org/downloads/",
            "license": [
                "MIT"
            ],
            "authors": [
                {
                    "name": "PHP-FIG",
                    "homepage": "http://www.php-fig.org/"
                }
            ],
            "description": "Common interface for HTTP messages",
            "homepage": "https://github.com/php-fig/http-message",
            "keywords": [
                "http",
                "http-message",
                "psr",
                "psr-7",
                "request",
                "response"
            ],
            "time": "2016-08-06T14:39:51+00:00"
        },
        {
            "name": "psr/log",
            "version": "dev-master",
            "source": {
                "type": "git",
                "url": "https://github.com/php-fig/log.git",
                "reference": "c4421fcac1edd5a324fda73e589a5cf96e52ffd0"
            },
            "dist": {
                "type": "zip",
                "url": "https://api.github.com/repos/php-fig/log/zipball/c4421fcac1edd5a324fda73e589a5cf96e52ffd0",
                "reference": "c4421fcac1edd5a324fda73e589a5cf96e52ffd0",
                "shasum": ""
            },
            "require": {
                "php": ">=5.3.0"
            },
            "type": "library",
            "extra": {
                "branch-alias": {
                    "dev-master": "1.1.x-dev"
                }
            },
            "autoload": {
                "psr-4": {
                    "Psr\\Log\\": "Psr/Log/"
                }
            },
            "notification-url": "https://packagist.org/downloads/",
            "license": [
                "MIT"
            ],
            "authors": [
                {
                    "name": "PHP-FIG",
                    "homepage": "http://www.php-fig.org/"
                }
            ],
            "description": "Common interface for logging libraries",
            "homepage": "https://github.com/php-fig/log",
            "keywords": [
                "log",
                "psr",
                "psr-3"
            ],
            "time": "2018-11-21T13:42:00+00:00"
        },
        {
            "name": "ralouphie/getallheaders",
            "version": "3.0.2",
            "source": {
                "type": "git",
                "url": "https://github.com/ralouphie/getallheaders.git",
                "reference": "beb49b96960f0cbf17e7fbcaaddc8eb434e126eb"
            },
            "dist": {
                "type": "zip",
                "url": "https://api.github.com/repos/ralouphie/getallheaders/zipball/beb49b96960f0cbf17e7fbcaaddc8eb434e126eb",
                "reference": "beb49b96960f0cbf17e7fbcaaddc8eb434e126eb",
                "shasum": ""
            },
            "require": {
                "php": ">=5.6"
            },
            "require-dev": {
                "phpunit/phpunit": "^5",
                "satooshi/php-coveralls": ">=1.0"
            },
            "type": "library",
            "autoload": {
                "files": [
                    "src/getallheaders.php"
                ]
            },
            "notification-url": "https://packagist.org/downloads/",
            "license": [
                "MIT"
            ],
            "authors": [
                {
                    "name": "Ralph Khattar",
                    "email": "ralph.khattar@gmail.com"
                }
            ],
            "description": "A polyfill for getallheaders.",
            "time": "2018-12-11T21:53:24+00:00"
        },
        {
            "name": "xutengx/cache",
            "version": "dev-master",
            "source": {
                "type": "git",
                "url": "https://github.com/xutengx/cache.git",
                "reference": "2a44a644a9f91a6b33beb52b75ca57e1c12ca8d4"
            },
            "dist": {
                "type": "zip",
                "url": "https://api.github.com/repos/xutengx/cache/zipball/2a44a644a9f91a6b33beb52b75ca57e1c12ca8d4",
                "reference": "2a44a644a9f91a6b33beb52b75ca57e1c12ca8d4",
                "shasum": ""
            },
            "require": {
                "ext-redis": "*",
                "php": ">=7.1.0",
                "xutengx/contracts": "dev-master"
            },
            "require-dev": {
                "phpunit/dbunit": "^4.0",
                "phpunit/php-invoker": "^2.0",
                "phpunit/phpunit": "^7"
            },
            "type": "library",
            "autoload": {
                "psr-4": {
                    "Xutengx\\Cache\\": "src/"
                }
            },
            "notification-url": "https://packagist.org/downloads/",
            "license": [
                "MIT"
            ],
            "authors": [
                {
                    "name": "xuteng",
                    "email": "68822684@qq.com"
                }
            ],
            "description": "cache",
            "keywords": [
                "cache",
                "file",
                "gaara",
                "redis",
                "xuteng"
            ],
            "time": "2018-11-12T09:14:18+00:00"
        },
        {
            "name": "xutengx/conf",
            "version": "dev-master",
            "source": {
                "type": "git",
                "url": "https://github.com/xutengx/conf.git",
                "reference": "daa08f030da4420e64c7ba185b0719a75ccd6a45"
            },
            "dist": {
                "type": "zip",
                "url": "https://api.github.com/repos/xutengx/conf/zipball/daa08f030da4420e64c7ba185b0719a75ccd6a45",
                "reference": "daa08f030da4420e64c7ba185b0719a75ccd6a45",
                "shasum": ""
            },
            "require": {
                "php": ">=7.1.0",
                "xutengx/exception": "dev-master"
            },
            "require-dev": {
                "phpunit/dbunit": "^4.0",
                "phpunit/php-invoker": "^2.0",
                "phpunit/phpunit": "^7"
            },
            "type": "library",
            "autoload": {
                "psr-4": {
                    "Xutengx\\Conf\\": "src/"
                }
            },
            "notification-url": "https://packagist.org/downloads/",
            "license": [
                "MIT"
            ],
            "authors": [
                {
                    "name": "xuteng",
                    "email": "68822684@qq.com"
                }
            ],
            "description": "conf",
            "keywords": [
                "conf",
                "gaara",
                "xuteng"
            ],
            "time": "2018-08-31T10:08:02+00:00"
        },
        {
            "name": "xutengx/container",
            "version": "dev-master",
            "source": {
                "type": "git",
                "url": "https://github.com/xutengx/container.git",
                "reference": "3396fe04cf11a37f26c5062419da73a19f25275e"
            },
            "dist": {
                "type": "zip",
                "url": "https://api.github.com/repos/xutengx/container/zipball/3396fe04cf11a37f26c5062419da73a19f25275e",
                "reference": "3396fe04cf11a37f26c5062419da73a19f25275e",
                "shasum": ""
            },
            "require": {
                "php": ">=7.1.0"
            },
            "require-dev": {
                "phpunit/dbunit": "^4.0",
                "phpunit/php-invoker": "^2.0",
                "phpunit/phpunit": "^7"
            },
            "type": "library",
            "autoload": {
                "psr-4": {
                    "Xutengx\\Container\\": "src/"
                }
            },
            "notification-url": "https://packagist.org/downloads/",
            "license": [
                "MIT"
            ],
            "authors": [
                {
                    "name": "xuteng",
                    "email": "68822684@qq.com"
                }
            ],
            "description": "container",
            "keywords": [
                "container",
                "gaara",
                "xuteng"
            ],
            "time": "2019-01-03T08:49:24+00:00"
        },
        {
            "name": "xutengx/contracts",
            "version": "dev-master",
            "source": {
                "type": "git",
                "url": "https://github.com/xutengx/contracts.git",
                "reference": "84977dc2abba5106c73116bc8e9cdbabc093adfa"
            },
            "dist": {
                "type": "zip",
                "url": "https://api.github.com/repos/xutengx/contracts/zipball/84977dc2abba5106c73116bc8e9cdbabc093adfa",
                "reference": "84977dc2abba5106c73116bc8e9cdbabc093adfa",
                "shasum": ""
            },
            "require": {
                "php": ">=7.1.0"
            },
            "type": "library",
            "autoload": {
                "psr-4": {
                    "Xutengx\\Contracts\\": "src/"
                }
            },
            "notification-url": "https://packagist.org/downloads/",
            "license": [
                "MIT"
            ],
            "authors": [
                {
                    "name": "xuteng",
                    "email": "68822684@qq.com"
                }
            ],
            "description": "contracts",
            "keywords": [
                "contracts",
                "gaara",
                "xuteng"
            ],
            "time": "2018-09-05T08:27:41+00:00"
        },
        {
            "name": "xutengx/exception",
            "version": "dev-master",
            "source": {
                "type": "git",
                "url": "https://github.com/xutengx/exception.git",
                "reference": "1e8635f7ea6bcfa62676dcaa42b7358fa65d26a6"
            },
            "dist": {
                "type": "zip",
                "url": "https://api.github.com/repos/xutengx/exception/zipball/1e8635f7ea6bcfa62676dcaa42b7358fa65d26a6",
                "reference": "1e8635f7ea6bcfa62676dcaa42b7358fa65d26a6",
                "shasum": ""
            },
            "require": {
                "php": ">=7.1.0"
            },
            "require-dev": {
                "phpunit/dbunit": "^4.0",
                "phpunit/php-invoker": "^2.0",
                "phpunit/phpunit": "^7"
            },
            "type": "library",
            "autoload": {
                "psr-4": {
                    "Xutengx\\Exception\\": "src/"
                }
            },
            "notification-url": "https://packagist.org/downloads/",
            "license": [
                "MIT"
            ],
            "authors": [
                {
                    "name": "xuteng",
                    "email": "68822684@qq.com"
                }
            ],
            "description": "exception",
            "keywords": [
                "exception",
                "gaara",
                "xuteng"
            ],
            "time": "2018-08-31T03:07:54+00:00"
        },
        {
            "name": "xutengx/framework",
            "version": "dev-master",
            "source": {
                "type": "git",
                "url": "https://github.com/xutengx/framework.git",
                "reference": "165a341ab11dd24226f385a3111b1093587b5c03"
            },
            "dist": {
                "type": "zip",
                "url": "https://api.github.com/repos/xutengx/framework/zipball/165a341ab11dd24226f385a3111b1093587b5c03",
                "reference": "165a341ab11dd24226f385a3111b1093587b5c03",
                "shasum": ""
            },
            "require": {
                "chillerlan/php-qrcode": "^2.0",
                "ext-pdo": "*",
                "filp/whoops": "^2.2",
                "monolog/monolog": "^1.23",
                "php": ">=7.2.0",
                "php-console/php-console": "^3.1",
                "xutengx/cache": "dev-master",
                "xutengx/conf": "dev-master",
                "xutengx/container": "dev-master",
                "xutengx/contracts": "dev-master",
                "xutengx/exception": "dev-master",
                "xutengx/model": "dev-master",
                "xutengx/pipeline": "dev-master",
                "xutengx/request": "dev-master",
                "xutengx/response": "dev-master",
                "xutengx/route": "dev-master",
                "xutengx/secure": "dev-master",
                "xutengx/session": "dev-master",
                "xutengx/tool": "dev-master"
            },
            "require-dev": {
                "phpunit/dbunit": "^4.0",
                "phpunit/php-invoker": "^2.0",
                "phpunit/phpunit": "^7"
            },
            "type": "library",
            "autoload": {
                "psr-4": {
                    "Apptest\\": "dev/app/",
                    "Gaara\\": "src/"
                },
                "files": [
                    "src/Quick/Function.php",
                    "src/Quick/ClassAlias.php"
                ]
            },
            "notification-url": "https://packagist.org/downloads/",
            "license": [
                "MIT"
            ],
            "authors": [
                {
                    "name": "xuteng",
                    "email": "68822684@qq.com"
                }
            ],
            "description": "Framework For PHPer.",
            "keywords": [
                "framework",
                "gaara",
                "xuteng"
            ],
            "time": "2019-01-03T07:03:51+00:00"
        },
        {
            "name": "xutengx/model",
            "version": "dev-master",
            "source": {
                "type": "git",
                "url": "https://github.com/xutengx/model.git",
                "reference": "f0a48eb99a8f1f815eb400934ad5a83edb0cee7d"
            },
            "dist": {
                "type": "zip",
                "url": "https://api.github.com/repos/xutengx/model/zipball/f0a48eb99a8f1f815eb400934ad5a83edb0cee7d",
                "reference": "f0a48eb99a8f1f815eb400934ad5a83edb0cee7d",
                "shasum": ""
            },
            "require": {
                "ext-pdo": "*",
                "php": ">=7.1.0",
                "xutengx/cache": "dev-master",
                "xutengx/contracts": "dev-master"
            },
            "require-dev": {
                "phpunit/php-invoker": "^2.0",
                "phpunit/phpunit": "^7"
            },
            "type": "library",
            "autoload": {
                "psr-4": {
                    "Xutengx\\Model\\": "src/"
                }
            },
            "notification-url": "https://packagist.org/downloads/",
            "license": [
                "MIT"
            ],
            "authors": [
                {
                    "name": "xuteng",
                    "email": "68822684@qq.com"
                }
            ],
            "description": "model",
            "keywords": [
                "gaara",
                "model",
                "xuteng"
            ],
            "time": "2018-12-29T10:09:33+00:00"
        },
        {
            "name": "xutengx/pipeline",
            "version": "dev-master",
            "source": {
                "type": "git",
                "url": "https://github.com/xutengx/pipeline.git",
                "reference": "f4355268d6cf634996f023d10662bd3f667bdbab"
            },
            "dist": {
                "type": "zip",
                "url": "https://api.github.com/repos/xutengx/pipeline/zipball/f4355268d6cf634996f023d10662bd3f667bdbab",
                "reference": "f4355268d6cf634996f023d10662bd3f667bdbab",
                "shasum": ""
            },
            "require": {
                "php": ">=7.1.0"
            },
            "require-dev": {
                "phpunit/dbunit": "^4.0",
                "phpunit/php-invoker": "^2.0",
                "phpunit/phpunit": "^7"
            },
            "type": "library",
            "autoload": {
                "psr-4": {
                    "Xutengx\\Pipeline\\": "src/"
                }
            },
            "notification-url": "https://packagist.org/downloads/",
            "license": [
                "MIT"
            ],
            "authors": [
                {
                    "name": "xuteng",
                    "email": "68822684@qq.com"
                }
            ],
            "description": "pipeline",
            "keywords": [
                "gaara",
                "pipeline",
                "xuteng"
            ],
            "time": "2018-09-03T08:37:46+00:00"
        },
        {
            "name": "xutengx/request",
            "version": "dev-master",
            "source": {
                "type": "git",
                "url": "https://github.com/xutengx/request.git",
                "reference": "96e4f32f6b2f6e6eb2eb020f230476a5a5faa7d5"
            },
            "dist": {
                "type": "zip",
                "url": "https://api.github.com/repos/xutengx/request/zipball/96e4f32f6b2f6e6eb2eb020f230476a5a5faa7d5",
                "reference": "96e4f32f6b2f6e6eb2eb020f230476a5a5faa7d5",
                "shasum": ""
            },
            "require": {
                "ext-json": "*",
                "php": ">=7.1.0",
                "xutengx/exception": "dev-master",
                "xutengx/tool": "dev-master"
            },
            "require-dev": {
                "phpunit/dbunit": "^4.0",
                "phpunit/php-invoker": "^2.0",
                "phpunit/phpunit": "^7"
            },
            "type": "library",
            "autoload": {
                "psr-4": {
                    "Xutengx\\Request\\": "src/"
                }
            },
            "notification-url": "https://packagist.org/downloads/",
            "license": [
                "MIT"
            ],
            "authors": [
                {
                    "name": "xuteng",
                    "email": "68822684@qq.com"
                }
            ],
            "description": "request",
            "keywords": [
                "gaara",
                "request",
                "xuteng"
            ],
            "time": "2018-12-19T15:51:00+00:00"
        },
        {
            "name": "xutengx/response",
            "version": "dev-master",
            "source": {
                "type": "git",
                "url": "https://github.com/xutengx/response.git",
                "reference": "b7ae140691542de617d3395904a0afddc6eed1ca"
            },
            "dist": {
                "type": "zip",
                "url": "https://api.github.com/repos/xutengx/response/zipball/b7ae140691542de617d3395904a0afddc6eed1ca",
                "reference": "b7ae140691542de617d3395904a0afddc6eed1ca",
                "shasum": ""
            },
            "require": {
                "php": ">=7.1.0",
                "xutengx/exception": "dev-master",
                "xutengx/tool": "dev-master"
            },
            "require-dev": {
                "phpunit/phpunit": "^7"
            },
            "type": "library",
            "autoload": {
                "psr-4": {
                    "Xutengx\\Response\\": "src/"
                }
            },
            "notification-url": "https://packagist.org/downloads/",
            "license": [
                "MIT"
            ],
            "authors": [
                {
                    "name": "xuteng",
                    "email": "68822684@qq.com"
                }
            ],
            "description": "response",
            "keywords": [
                "gaara",
                "response",
                "xuteng"
            ],
            "time": "2019-01-03T07:09:57+00:00"
        },
        {
            "name": "xutengx/route",
            "version": "dev-master",
            "source": {
                "type": "git",
                "url": "https://github.com/xutengx/route.git",
                "reference": "38639715f3c11fec352540c7b9c9152bd38346a2"
            },
            "dist": {
                "type": "zip",
                "url": "https://api.github.com/repos/xutengx/route/zipball/38639715f3c11fec352540c7b9c9152bd38346a2",
                "reference": "38639715f3c11fec352540c7b9c9152bd38346a2",
                "shasum": ""
            },
            "require": {
                "php": ">=7.1.0",
                "xutengx/exception": "dev-master",
                "xutengx/request": "dev-master",
                "xutengx/tool": "dev-master"
            },
            "require-dev": {
                "phpunit/phpunit": "^7"
            },
            "type": "library",
            "autoload": {
                "psr-4": {
                    "Xutengx\\Route\\": "src/"
                }
            },
            "notification-url": "https://packagist.org/downloads/",
            "license": [
                "MIT"
            ],
            "authors": [
                {
                    "name": "xuteng",
                    "email": "68822684@qq.com"
                }
            ],
            "description": "route",
            "keywords": [
                "gaara",
                "route",
                "xuteng"
            ],
            "time": "2019-01-03T07:09:29+00:00"
        },
        {
            "name": "xutengx/secure",
            "version": "dev-master",
            "source": {
                "type": "git",
                "url": "https://github.com/xutengx/secure.git",
                "reference": "5bc297e63190d0b4384e3b09fe77da3a6ac25050"
            },
            "dist": {
                "type": "zip",
                "url": "https://api.github.com/repos/xutengx/secure/zipball/5bc297e63190d0b4384e3b09fe77da3a6ac25050",
                "reference": "5bc297e63190d0b4384e3b09fe77da3a6ac25050",
                "shasum": ""
            },
            "require": {
                "php": ">=7.1.0",
                "xutengx/cache": "dev-master",
                "xutengx/contracts": "dev-master"
            },
            "require-dev": {
                "phpunit/dbunit": "^4.0",
                "phpunit/php-invoker": "^2.0",
                "phpunit/phpunit": "^7"
            },
            "type": "library",
            "autoload": {
                "psr-4": {
                    "Xutengx\\Secure\\": "src/"
                }
            },
            "notification-url": "https://packagist.org/downloads/",
            "license": [
                "MIT"
            ],
            "authors": [
                {
                    "name": "xuteng",
                    "email": "68822684@qq.com"
                }
            ],
            "description": "secure",
            "keywords": [
                "gaara",
                "secure",
                "xuteng"
            ],
            "time": "2018-09-05T07:28:46+00:00"
        },
        {
            "name": "xutengx/session",
            "version": "dev-master",
            "source": {
                "type": "git",
                "url": "https://github.com/xutengx/session.git",
                "reference": "713a29fc57309f3d48116a959e172f643dc1d448"
            },
            "dist": {
                "type": "zip",
                "url": "https://api.github.com/repos/xutengx/session/zipball/713a29fc57309f3d48116a959e172f643dc1d448",
                "reference": "713a29fc57309f3d48116a959e172f643dc1d448",
                "shasum": ""
            },
            "require": {
                "ext-redis": "*",
                "php": ">=7.1.0",
                "xutengx/contracts": "dev-master",
                "xutengx/tool": "dev-master"
            },
            "require-dev": {
                "phpunit/dbunit": "^4.0",
                "phpunit/php-invoker": "^2.0",
                "phpunit/phpunit": "^7"
            },
            "type": "library",
            "autoload": {
                "psr-4": {
                    "Xutengx\\Session\\": "src/"
                }
            },
            "notification-url": "https://packagist.org/downloads/",
            "license": [
                "MIT"
            ],
            "authors": [
                {
                    "name": "xuteng",
                    "email": "68822684@qq.com"
                }
            ],
            "description": "session",
            "keywords": [
                "gaara",
                "session",
                "xuteng"
            ],
            "time": "2018-09-05T08:38:43+00:00"
        },
        {
            "name": "xutengx/tool",
            "version": "dev-master",
            "source": {
                "type": "git",
                "url": "https://github.com/xutengx/tool.git",
                "reference": "8ceb994665df05e4ac55e30303e3161d6433d275"
            },
            "dist": {
                "type": "zip",
                "url": "https://api.github.com/repos/xutengx/tool/zipball/8ceb994665df05e4ac55e30303e3161d6433d275",
                "reference": "8ceb994665df05e4ac55e30303e3161d6433d275",
                "shasum": ""
            },
            "require": {
                "ext-mbstring": "*",
                "php": ">=7.1.0"
            },
            "require-dev": {
                "phpunit/dbunit": "^4.0",
                "phpunit/php-invoker": "^2.0",
                "phpunit/phpunit": "^7"
            },
            "type": "library",
            "autoload": {
                "psr-4": {
                    "Xutengx\\Tool\\": "src/"
                }
            },
            "notification-url": "https://packagist.org/downloads/",
            "license": [
                "MIT"
            ],
            "authors": [
                {
                    "name": "xuteng",
                    "email": "68822684@qq.com"
                }
            ],
            "description": "tool",
            "keywords": [
                "gaara",
                "tool",
                "xuteng"
            ],
            "time": "2018-08-30T08:30:16+00:00"
        }
    ],
    "packages-dev": [],
    "aliases": [],
    "minimum-stability": "dev",
    "stability-flags": {
        "xutengx/framework": 20
    },
    "prefer-stable": false,
    "prefer-lowest": false,
    "platform": {
        "php": ">=7.2.0",
        "ext-pdo": "*",
        "ext-simplexml": "*",
        "ext-gd": "*",
        "ext-json": "*",
        "ext-mbstring": "*",
        "ext-redis": "*",
        "ext-xml": "*"
    },
    "platform-dev": []
}
